
Microsoft Visual Studio Solution File, Format Version 12.00
# Visual Studio Version 17
VisualStudioVersion = 17.6.33829.357
MinimumVisualStudioVersion = 10.0.40219.1
Project("{FAE04EC0-301F-11D3-BF4B-00C04F79EFBC}") = "BullkyBookWeb", "BullkyBookWeb\BullkyBookWeb.csproj", "{7FDC9EF5-E838-4EA4-B6CF-E4BDE5FA60AF}"
EndProject
Global
	GlobalSection(SolutionConfigurationPlatforms) = preSolution
		Debug|Any CPU = Debug|Any CPU
		Release|Any CPU = Release|Any CPU
	EndGlobalSection
	GlobalSection(ProjectConfigurationPlatforms) = postSolution
		{7FDC9EF5-E838-4EA4-B6CF-E4BDE5FA60AF}.Debug|Any CPU.ActiveCfg = Debug|Any CPU
		{7FDC9EF5-E838-4EA4-B6CF-E4BDE5FA60AF}.Debug|Any CPU.Build.0 = Debug|Any CPU
		{7FDC9EF5-E838-4EA4-B6CF-E4BDE5FA60AF}.Release|Any CPU.ActiveCfg = Release|Any CPU
		{7FDC9EF5-E838-4EA4-B6CF-E4BDE5FA60AF}.Release|Any CPU.Build.0 = Release|Any CPU
	EndGlobalSection
	GlobalSection(SolutionProperties) = preSolution
		HideSolutionNode = FALSE
	EndGlobalSection
	GlobalSection(ExtensibilityGlobals) = postSolution
		SolutionGuid = {3BB44D4B-94E9-423C-8A80-3CD22D922B4E}
	EndGlobalSection
EndGlobal
